
Microsoft Visual Studio Solution File, Format Version 12.00
# Visual Studio 15
VisualStudioVersion = 15.0.28307.1340
MinimumVisualStudioVersion = 10.0.40219.1
Project("{FAE04EC0-301F-11D3-BF4B-00C04F79EFBC}") = "ToDoAPI.API", "ToDoAPI.API\ToDoAPI.API.csproj", "{7F914241-E4F8-4A99-8596-72E3DB32EBCE}"
EndProject
Project("{FAE04EC0-301F-11D3-BF4B-00C04F79EFBC}") = "ToDoAPI.DATA.EF", "ToDoAPI.DATA.EF\ToDoAPI.DATA.EF.csproj", "{AE063746-6E1C-48E2-AD43-2B5A8BFC8B30}"
EndProject
Global
	GlobalSection(SolutionConfigurationPlatforms) = preSolution
		Debug|Any CPU = Debug|Any CPU
		Release|Any CPU = Release|Any CPU
	EndGlobalSection
	GlobalSection(ProjectConfigurationPlatforms) = postSolution
		{7F914241-E4F8-4A99-8596-72E3DB32EBCE}.Debug|Any CPU.ActiveCfg = Debug|Any CPU
		{7F914241-E4F8-4A99-8596-72E3DB32EBCE}.Debug|Any CPU.Build.0 = Debug|Any CPU
		{7F914241-E4F8-4A99-8596-72E3DB32EBCE}.Release|Any CPU.ActiveCfg = Release|Any CPU
		{7F914241-E4F8-4A99-8596-72E3DB32EBCE}.Release|Any CPU.Build.0 = Release|Any CPU
		{AE063746-6E1C-48E2-AD43-2B5A8BFC8B30}.Debug|Any CPU.ActiveCfg = Debug|Any CPU
		{AE063746-6E1C-48E2-AD43-2B5A8BFC8B30}.Debug|Any CPU.Build.0 = Debug|Any CPU
		{AE063746-6E1C-48E2-AD43-2B5A8BFC8B30}.Release|Any CPU.ActiveCfg = Release|Any CPU
		{AE063746-6E1C-48E2-AD43-2B5A8BFC8B30}.Release|Any CPU.Build.0 = Release|Any CPU
	EndGlobalSection
	GlobalSection(SolutionProperties) = preSolution
		HideSolutionNode = FALSE
	EndGlobalSection
	GlobalSection(ExtensibilityGlobals) = postSolution
		SolutionGuid = {C05A4739-A960-48BE-B5A3-1E496BB4AB9B}
	EndGlobalSection
EndGlobal
